%{
  "elixir_make": {:hex, :elixir_make, "0.7.7", "7128c60c2476019ed978210c245badf08b03dbec4f24d05790ef791da11aa17c", [:mix], [{:castore, "~> 0.1 or ~> 1.0", [hex: :castore, repo: "hexpm", optional: true]}], "hexpm", "5bc19fff950fad52bbe5f211b12db9ec82c6b34a9647da0c2224b8b8464c7e6c"},
  "poison": {:hex, :poison, "5.0.0", "d2b54589ab4157bbb82ec2050757779bfed724463a544b6e20d79855a9e43b24", [:mix], [{:decimal, "~> 2.0", [hex: :decimal, repo: "hexpm", optional: true]}], "hexpm", "11dc6117c501b80c62a7594f941d043982a1bd05a1184280c0d9166eb4d8d3fc"},
  "styler": {:hex, :styler, "0.11.1", "1bf6a13f49c00c4e77855cd2dbd6fe5518b6bfb977e76fdb2fa088d64f839194", [:mix], [], "hexpm", "8d995b3e7a787645a09a9a7382e17fb99d4bb63f4cf8390a2aaf0afa8d4b2f7d"},
  "tdlib": {:git, "https://github.com/prtngn/ex_tdlib", "643c63c82ac499097c50f6015f04c31c6d0915e2", [branch: "nightly"]},
  "tdlib_json_cli": {:git, "https://github.com/oott123/tdlib-json-cli", "3203f8e29fadb50a37ef9f4b51d3b8b84a481a8e", [branch: "nightly", submodules: true]},
}
